
Microsoft Visual Studio Solution File, Format Version 12.00
# Visual Studio Version 17
VisualStudioVersion = 17.3.32819.101
MinimumVisualStudioVersion = 10.0.40219.1
Project("{8BC9CEB8-8B4A-11D0-8D11-00A0C91BC942}") = "Лабараторна 3.4", "Лабараторна 3.4\Лабараторна 3.4.vcxproj", "{2F282C07-8B4F-4743-A46F-86D241F0D7C0}"
EndProject
Global
	GlobalSection(SolutionConfigurationPlatforms) = preSolution
		Debug|x64 = Debug|x64
		Debug|x86 = Debug|x86
		Release|x64 = Release|x64
		Release|x86 = Release|x86
	EndGlobalSection
	GlobalSection(ProjectConfigurationPlatforms) = postSolution
		{2F282C07-8B4F-4743-A46F-86D241F0D7C0}.Debug|x64.ActiveCfg = Debug|x64
		{2F282C07-8B4F-4743-A46F-86D241F0D7C0}.Debug|x64.Build.0 = Debug|x64
		{2F282C07-8B4F-4743-A46F-86D241F0D7C0}.Debug|x86.ActiveCfg = Debug|Win32
		{2F282C07-8B4F-4743-A46F-86D241F0D7C0}.Debug|x86.Build.0 = Debug|Win32
		{2F282C07-8B4F-4743-A46F-86D241F0D7C0}.Release|x64.ActiveCfg = Release|x64
		{2F282C07-8B4F-4743-A46F-86D241F0D7C0}.Release|x64.Build.0 = Release|x64
		{2F282C07-8B4F-4743-A46F-86D241F0D7C0}.Release|x86.ActiveCfg = Release|Win32
		{2F282C07-8B4F-4743-A46F-86D241F0D7C0}.Release|x86.Build.0 = Release|Win32
	EndGlobalSection
	GlobalSection(SolutionProperties) = preSolution
		HideSolutionNode = FALSE
	EndGlobalSection
	GlobalSection(ExtensibilityGlobals) = postSolution
		SolutionGuid = {BC22B1C9-D062-4147-8C6A-EBAC6823657A}
	EndGlobalSection
EndGlobal
